
Microsoft Visual Studio Solution File, Format Version 12.00
# Visual Studio Version 16
VisualStudioVersion = 16.0.30114.105
MinimumVisualStudioVersion = 10.0.40219.1
Project("{FAE04EC0-301F-11D3-BF4B-00C04F79EFBC}") = "HelloWorld", "HelloWorld\HelloWorld.csproj", "{827E2CC0-AE7B-4D2C-95CA-09A45FC9C10A}"
EndProject
Global
	GlobalSection(SolutionConfigurationPlatforms) = preSolution
		Debug|Any CPU = Debug|Any CPU
		Release|Any CPU = Release|Any CPU
	EndGlobalSection
	GlobalSection(ProjectConfigurationPlatforms) = postSolution
		{827E2CC0-AE7B-4D2C-95CA-09A45FC9C10A}.Debug|Any CPU.ActiveCfg = Debug|Any CPU
		{827E2CC0-AE7B-4D2C-95CA-09A45FC9C10A}.Debug|Any CPU.Build.0 = Debug|Any CPU
		{827E2CC0-AE7B-4D2C-95CA-09A45FC9C10A}.Release|Any CPU.ActiveCfg = Release|Any CPU
		{827E2CC0-AE7B-4D2C-95CA-09A45FC9C10A}.Release|Any CPU.Build.0 = Release|Any CPU
	EndGlobalSection
	GlobalSection(SolutionProperties) = preSolution
		HideSolutionNode = FALSE
	EndGlobalSection
	GlobalSection(ExtensibilityGlobals) = postSolution
		SolutionGuid = {E3660083-02B2-457C-9D17-D8568C4D71E6}
	EndGlobalSection
EndGlobal
